dependencies:
  espressif/cmake_utilities:
    component_hash: 351350613ceafba240b761b4ea991e0f231ac7a9f59a9ee901f751bddc0bb18f
    dependencies:
    - name: idf
      require: private
      version: '>=4.1'
    source:
      registry_url: https://components.espressif.com
      type: service
    version: 0.5.3
  espressif/eppp_link:
    component_hash: c2fd9c57ac14a68a62c9d9cdeec39a2b265abc16779196ce2c9f5000c9a4dd8b
    dependencies:
    - name: idf
      require: private
      version: '>=5.2'
    - name: espressif/esp_serial_slave_link
      registry_url: https://components.espressif.com
      require: private
      version: ^1.1.0
    source:
      registry_url: https://components.espressif.com
      type: service
    version: 0.2.0
  espressif/esp-brookesia:
    component_hash: 59eed9b0d2fb11a33fd88175c6c6f4559c74a612b8d4828f0254d116046b4052
    dependencies:
    - name: espressif/cmake_utilities
      registry_url: https://components.espressif.com
      require: private
      version: 0.*
    - name: idf
      require: private
      version: '>=5.0'
    - name: lvgl/lvgl
      registry_url: https://components.espressif.com
      require: public
      version: '>=8.3,<9'
    source:
      registry_url: https://components.espressif.com/
      type: service
    version: 0.4.2
  espressif/esp-dl:
    component_hash: 8077cda03ac2d892733611ece7c6c1cbac8bcc99eb4f4cf9d46c957afd02e6fb
    dependencies:
    - name: espressif/esp_jpeg
      registry_url: https://components.espressif.com
      require: private
      version: ^1.0.5~3
    - name: idf
      require: private
      version: '>=5.3'
    source:
      registry_url: https://components.espressif.com/
      type: service
    targets:
    - esp32s3
    - esp32p4
    version: 3.1.0
  espressif/esp_cam_sensor:
    component_hash: 22215b4303ec2b406a962d442d84445eaad20a652c4801eb4cd8aba36e74cedd
    dependencies:
    - name: espressif/cmake_utilities
      registry_url: https://components.espressif.com
      require: private
      version: 0.*
    - name: espressif/esp_sccb_intf
      registry_url: https://components.espressif.com
      require: private
      version: '>=0.0.2'
    - name: idf
      require: private
      version: '>=5.3'
    source:
      registry_url: https://components.espressif.com
      type: service
    targets:
    - esp32p4
    version: 0.8.1
  espressif/esp_h264:
    component_hash: fa5daaebc8a304f0b79bc57e51aab43e0a03eabc2ba3865bff4063c56b5d4564
    dependencies:
    - name: idf
      require: private
      version: '>=4.4'
    source:
      registry_url: https://components.espressif.com
      type: service
    version: 1.0.4
  espressif/esp_hosted:
    component_hash: 8d2e114d0227fef7282d49591b2d1a8241415d0ebfa76402835d7a3f46887350
    dependencies:
    - name: idf
      require: private
      version: '>=5.3'
    source:
      registry_url: https://components.espressif.com
      type: service
    version: 1.0.5
  espressif/esp_ipa:
    component_hash: 7547b050a99351a85aaba8ba38211c36fd4769c2ae3e570fa330dc90dfd2704c
    dependencies:
    - name: espressif/cmake_utilities
      registry_url: https://components.espressif.com
      require: private
      version: 0.*
    - name: idf
      require: private
      version: '>=5.4'
    source:
      registry_url: https://components.espressif.com
      type: service
    targets:
    - esp32p4
    version: 0.2.0
  espressif/esp_jpeg:
    component_hash: ca1494551d0436b0dbba379c578da2c0d1b8d8756240e5e99f172744dad8e842
    dependencies:
    - name: idf
      require: private
      version: '>=5.0'
    source:
      registry_url: https://components.espressif.com
      type: service
    version: 1.2.0
  espressif/esp_lcd_touch:
    component_hash: 779b4ba2464a3ae85681e4b860caa5fdc35801458c23f3039ee761bae7f442a4
    dependencies:
    - name: idf
      require: private
      version: '>=4.4.2'
    source:
      registry_url: https://components.espressif.com/
      type: service
    version: 1.1.2
  espressif/esp_sccb_intf:
    component_hash: 19fd07c1296aaf03f61d0f5959c4b6d7d53380f499d28d5c197be0a8c6e04d74
    dependencies:
    - name: idf
      require: private
      version: '>=5.3'
    source:
      registry_url: https://components.espressif.com
      type: service
    version: 0.0.4
  espressif/esp_serial_slave_link:
    component_hash: 8c534b7d4986ca0e4c41db71f559492b795ab862f1d15359d7993034696b7bcc
    dependencies:
    - name: idf
      require: private
      version: '>=5.0'
    source:
      registry_url: https://components.espressif.com
      type: service
    version: 1.1.0
  espressif/esp_tinyusb:
    component_hash: 3f273ea23ce1a9573f6708729c02f46d75c8110bc88a61daa07c3a03789f718f
    dependencies:
    - name: idf
      require: private
      version: '>=5.0'
    - name: espressif/tinyusb
      registry_url: https://components.espressif.com
      require: public
      version: '>=0.14.2'
    source:
      registry_url: https://components.espressif.com/
      type: service
    version: 1.6.0
  espressif/esp_video:
    component_hash: 992a41b64807596ca3b8d8dde36eb4ea10ae1175e92de77cf0ca5ea78b73217a
    dependencies:
    - name: espressif/cmake_utilities
      registry_url: https://components.espressif.com
      require: private
      version: 0.*
    - name: espressif/esp_cam_sensor
      registry_url: https://components.espressif.com
      require: private
      version: 0.8.*
    - name: espressif/esp_h264
      registry_url: https://components.espressif.com
      require: private
      version: '>=1.0.3'
    - name: espressif/esp_ipa
      registry_url: https://components.espressif.com
      require: private
      version: 0.2.*
    - name: idf
      require: private
      version: '>=5.4'
    source:
      registry_url: https://components.espressif.com/
      type: service
    targets:
    - esp32p4
    version: 0.8.0~1
  espressif/esp_wifi_remote:
    component_hash: 0053859f729e079e67339223221b7772d06a75be0161d244116aae0dfa4460c0
    dependencies:
    - name: espressif/eppp_link
      registry_url: https://components.espressif.com
      require: private
      version: '>=0.1'
    - name: espressif/esp_hosted
      registry_url: https://components.espressif.com
      require: private
      rules:
      - if: target in [esp32h2, esp32p4]
      version: '>=0.0.6'
    - name: idf
      require: private
      version: '>=5.3'
    source:
      registry_url: https://components.espressif.com/
      type: service
    version: 0.5.3
  espressif/mdns:
    component_hash: d36b265164be5139f92de993f08f5ecaa0de0c0acbf84deee1f10bb5902d04ff
    dependencies:
    - name: idf
      require: private
      version: '>=5.0'
    source:
      registry_url: https://components.espressif.com/
      type: service
    version: 1.4.3
  espressif/tinyusb:
    component_hash: 7f73a4159dc95325ceaa4ade5e88734c4e1f5124746a3765cf61dc6157d78798
    dependencies:
    - name: idf
      require: private
      version: '>=5.0'
    source:
      registry_url: https://components.espressif.com
      type: service
    targets:
    - esp32s2
    - esp32s3
    - esp32p4
    version: 0.17.0~2
  idf:
    source:
      type: idf
    version: 5.5.0
  lvgl/lvgl:
    component_hash: d7c1ac037ae6e85d94897f807d6e7ba0946a83e720074fc95a4f6241da9f9f53
    dependencies: []
    source:
      registry_url: https://components.espressif.com/
      type: service
    version: 8.4.0
direct_dependencies:
- espressif/esp-brookesia
- espressif/esp-dl
- espressif/esp_lcd_touch
- espressif/esp_tinyusb
- espressif/esp_video
- espressif/esp_wifi_remote
- espressif/mdns
- idf
- lvgl/lvgl
manifest_hash: d6bbbbc6d7de596295ab6726d18e0cdad6afb9c4590359310a751ba395947c8e
target: esp32p4
version: 2.0.0
