dependencies:
  espressif/cmake_utilities:
    component_hash: 351350613ceafba240b761b4ea991e0f231ac7a9f59a9ee901f751bddc0bb18f
    dependencies:
    - name: idf
      require: private
      version: '>=4.1'
    source:
      registry_url: https://components.espressif.com
      type: service
    version: 0.5.3
  espressif/eppp_link:
    component_hash: c2fd9c57ac14a68a62c9d9cdeec39a2b265abc16779196ce2c9f5000c9a4dd8b
    dependencies:
    - name: idf
      require: private
      version: '>=5.2'
    - name: espressif/esp_serial_slave_link
      registry_url: https://components.espressif.com
      require: private
      version: ^1.1.0
    source:
      registry_url: https://components.espressif.com
      type: service
    version: 0.2.0
  espressif/esp-brookesia:
    component_hash: 8d2d7547bf31ce3029b593d5f13af96e9bba70f74cb70551e049fb8d03484cff
    dependencies:
    - name: idf
      require: private
      version: '>=5.0'
    - name: espressif/cmake_utilities
      registry_url: https://components.espressif.com
      require: private
      version: 0.*
    - name: lvgl/lvgl
      registry_url: https://components.espressif.com
      require: public
      version: '>=8.3,<9'
    source:
      registry_url: https://components.espressif.com/
      type: service
    version: 0.4.1
  espressif/esp-dl:
    component_hash: 1ab8a8703308115c03114aa676a917f3822fe40dcf75f2cb509d9edfd0f8c6fc
    dependencies:
    - name: idf
      require: private
      version: '>=5.3'
    source:
      registry_url: https://components.espressif.com/
      type: service
    targets:
    - esp32s3
    - esp32p4
    version: 3.0.0-rc.1
  espressif/esp_cam_sensor:
    component_hash: c023850f1201025b8cc2c0ae5f3d0d64f250b4022c4c045b76ce7988b85bc306
    dependencies:
    - name: espressif/cmake_utilities
      registry_url: https://components.espressif.com
      require: private
      version: 0.*
    - name: espressif/esp_sccb_intf
      registry_url: https://components.espressif.com
      require: private
      version: '>=0.0.2'
    - name: idf
      require: private
      version: '>=5.3'
    source:
      registry_url: https://components.espressif.com
      type: service
    targets:
    - esp32p4
    version: 0.7.1
  espressif/esp_h264:
    component_hash: fa5daaebc8a304f0b79bc57e51aab43e0a03eabc2ba3865bff4063c56b5d4564
    dependencies:
    - name: idf
      require: private
      version: '>=4.4'
    source:
      registry_url: https://components.espressif.com
      type: service
    version: 1.0.4
  espressif/esp_hosted:
    component_hash: 6dd02b8e57add9907bbd28c62065d80d5a88687dc949cfcafb2557782ee46841
    dependencies:
    - name: idf
      require: private
      version: '>=5.3'
    source:
      registry_url: https://components.espressif.com
      type: service
    version: 1.0.2
  espressif/esp_ipa:
    component_hash: 7497e9ef8122df2105984c49bd5265549af77361b370b36b049423c9f89ec056
    dependencies:
    - name: idf
      require: private
      version: '>=5.3'
    - name: espressif/cmake_utilities
      registry_url: https://components.espressif.com
      require: private
      version: 0.*
    source:
      registry_url: https://components.espressif.com
      type: service
    targets:
    - esp32p4
    version: 0.1.0
  espressif/esp_lcd_touch:
    component_hash: 779b4ba2464a3ae85681e4b860caa5fdc35801458c23f3039ee761bae7f442a4
    dependencies:
    - name: idf
      require: private
      version: '>=4.4.2'
    source:
      registry_url: https://components.espressif.com/
      type: service
    version: 1.1.2
  espressif/esp_sccb_intf:
    component_hash: 19fd07c1296aaf03f61d0f5959c4b6d7d53380f499d28d5c197be0a8c6e04d74
    dependencies:
    - name: idf
      require: private
      version: '>=5.3'
    source:
      registry_url: https://components.espressif.com
      type: service
    version: 0.0.4
  espressif/esp_serial_slave_link:
    component_hash: 8c534b7d4986ca0e4c41db71f559492b795ab862f1d15359d7993034696b7bcc
    dependencies:
    - name: idf
      require: private
      version: '>=5.0'
    source:
      registry_url: https://components.espressif.com
      type: service
    version: 1.1.0
  espressif/esp_tinyusb:
    component_hash: 4878831be091116ec8d0e5eaedcae54a5e9866ebf15a44ef101886fd42c0b91f
    dependencies:
    - name: idf
      require: private
      version: '>=5.0'
    - name: espressif/tinyusb
      registry_url: https://components.espressif.com
      require: public
      version: '>=0.14.2'
    source:
      registry_url: https://components.espressif.com/
      type: service
    version: 1.5.0
  espressif/esp_video:
    component_hash: c1617c7c15643cb905c130b90239f0351896977da1ddf119f083a7e0664dfac4
    dependencies:
    - name: idf
      require: private
      version: '>=5.3'
    - name: espressif/esp_ipa
      registry_url: https://components.espressif.com
      require: private
      version: 0.*
    - name: espressif/esp_h264
      registry_url: https://components.espressif.com
      require: private
      version: '>=1.0.3'
    - name: espressif/esp_cam_sensor
      registry_url: https://components.espressif.com
      require: private
      version: 0.*
    - name: espressif/cmake_utilities
      registry_url: https://components.espressif.com
      require: private
      version: 0.*
    source:
      registry_url: https://components.espressif.com/
      type: service
    targets:
    - esp32p4
    version: 0.7.0
  espressif/esp_wifi_remote:
    component_hash: 79ca828fcc1b3aeb54ee88ea35ff78b366697319f93a964429132283abc2e5f7
    dependencies:
    - name: espressif/eppp_link
      registry_url: https://components.espressif.com
      require: private
      version: '>=0.1'
    - name: espressif/esp_hosted
      registry_url: https://components.espressif.com
      require: private
      rules:
      - if: target in [esp32h2, esp32p4]
      version: '>=0.0.6'
    - name: idf
      require: private
      version: '>=5.3'
    source:
      registry_url: https://components.espressif.com/
      type: service
    version: 0.5.2
  espressif/mdns:
    component_hash: f5267872ed0c810d1b281c41a567cace7b3a3695c0df9dff89f631e9ba426ed0
    dependencies:
    - name: idf
      require: private
      version: '>=5.0'
    source:
      registry_url: https://components.espressif.com/
      type: service
    version: 1.4.2
  espressif/tinyusb:
    component_hash: 7f73a4159dc95325ceaa4ade5e88734c4e1f5124746a3765cf61dc6157d78798
    dependencies:
    - name: idf
      require: private
      version: '>=5.0'
    source:
      registry_url: https://components.espressif.com
      type: service
    targets:
    - esp32s2
    - esp32s3
    - esp32p4
    version: 0.17.0~2
  idf:
    source:
      type: idf
    version: 5.5.0
  lvgl/lvgl:
    component_hash: d7c1ac037ae6e85d94897f807d6e7ba0946a83e720074fc95a4f6241da9f9f53
    dependencies: []
    source:
      registry_url: https://components.espressif.com/
      type: service
    version: 8.4.0
  protocol_examples_common:
    dependencies: []
    source:
      path: /home/zy123456/environment/esp-idf-master/examples/common_components/protocol_examples_common
      type: local
    version: '*'
direct_dependencies:
- espressif/esp-brookesia
- espressif/esp-dl
- espressif/esp_lcd_touch
- espressif/esp_tinyusb
- espressif/esp_video
- espressif/esp_wifi_remote
- espressif/mdns
- idf
- lvgl/lvgl
- protocol_examples_common
manifest_hash: 6495acfb622b46274686ce1722b7418eba0e7cfdbae52715a1916fa39b0c92b6
target: esp32p4
version: 2.0.0
